
Microsoft Visual Studio Solution File, Format Version 12.00
# Visual Studio Version 17
VisualStudioVersion = 17.0.31903.59
MinimumVisualStudioVersion = 10.0.40219.1
Project("{FAE04EC0-301F-11D3-BF4B-00C04F79EFBC}") = "ConsoleApp1", "ConsoleApp1\ConsoleApp1.csproj", "{A015700A-4B23-40E0-9DE3-00ED5AA41C87}"
EndProject
Project("{FAE04EC0-301F-11D3-BF4B-00C04F79EFBC}") = "ConsoleApp2", "..\Chapter 2\ConsoleApp2\ConsoleApp2.csproj", "{08B25796-F352-411F-9092-595425EBBE61}"
EndProject
Project("{FAE04EC0-301F-11D3-BF4B-00C04F79EFBC}") = "Question", "Question\Question.csproj", "{2EDFCB92-760F-4F6E-8485-5A4088E4FF65}"
EndProject
Project("{FAE04EC0-301F-11D3-BF4B-00C04F79EFBC}") = "Q1", "Q1\Q1.csproj", "{C702E96D-64E0-4C9C-8D96-9F2B9DDD3F64}"
EndProject
Project("{FAE04EC0-301F-11D3-BF4B-00C04F79EFBC}") = "Q2", "Q2\Q2.csproj", "{2260FB90-011B-4B75-8607-99E66A446F0D}"
EndProject
Project("{FAE04EC0-301F-11D3-BF4B-00C04F79EFBC}") = "Q3", "Q3\Q3.csproj", "{CA11534B-904F-4E38-A7F8-C806EE005976}"
EndProject
Project("{FAE04EC0-301F-11D3-BF4B-00C04F79EFBC}") = "Q7", "Q7\Q7.csproj", "{5D8DCCEF-E152-49C3-AD99-997437185C15}"
EndProject
Project("{FAE04EC0-301F-11D3-BF4B-00C04F79EFBC}") = "Q8", "Q8\Q8.csproj", "{6A030893-A14F-46EE-AC94-BB8E80CFA95F}"
EndProject
Project("{FAE04EC0-301F-11D3-BF4B-00C04F79EFBC}") = "Q12", "Q12\Q12.csproj", "{8206E88C-86AE-4CF0-AB0C-1F73E3ECDEFD}"
EndProject
Project("{FAE04EC0-301F-11D3-BF4B-00C04F79EFBC}") = "Q13", "Q13\Q13.csproj", "{24F94C3E-733C-4A11-B19F-6E4A85499E97}"
EndProject
Project("{FAE04EC0-301F-11D3-BF4B-00C04F79EFBC}") = "CQ2", "CQ2\CQ2.csproj", "{4CE248F4-B1E3-465E-B5C3-AF4FE4731319}"
EndProject
Global
	GlobalSection(SolutionConfigurationPlatforms) = preSolution
		Debug|Any CPU = Debug|Any CPU
		Debug|x64 = Debug|x64
		Debug|x86 = Debug|x86
		Release|Any CPU = Release|Any CPU
		Release|x64 = Release|x64
		Release|x86 = Release|x86
	EndGlobalSection
	GlobalSection(ProjectConfigurationPlatforms) = postSolution
		{A015700A-4B23-40E0-9DE3-00ED5AA41C87}.Debug|Any CPU.ActiveCfg = Debug|Any CPU
		{A015700A-4B23-40E0-9DE3-00ED5AA41C87}.Debug|Any CPU.Build.0 = Debug|Any CPU
		{A015700A-4B23-40E0-9DE3-00ED5AA41C87}.Debug|x64.ActiveCfg = Debug|Any CPU
		{A015700A-4B23-40E0-9DE3-00ED5AA41C87}.Debug|x64.Build.0 = Debug|Any CPU
		{A015700A-4B23-40E0-9DE3-00ED5AA41C87}.Debug|x86.ActiveCfg = Debug|Any CPU
		{A015700A-4B23-40E0-9DE3-00ED5AA41C87}.Debug|x86.Build.0 = Debug|Any CPU
		{A015700A-4B23-40E0-9DE3-00ED5AA41C87}.Release|Any CPU.ActiveCfg = Release|Any CPU
		{A015700A-4B23-40E0-9DE3-00ED5AA41C87}.Release|Any CPU.Build.0 = Release|Any CPU
		{A015700A-4B23-40E0-9DE3-00ED5AA41C87}.Release|x64.ActiveCfg = Release|Any CPU
		{A015700A-4B23-40E0-9DE3-00ED5AA41C87}.Release|x64.Build.0 = Release|Any CPU
		{A015700A-4B23-40E0-9DE3-00ED5AA41C87}.Release|x86.ActiveCfg = Release|Any CPU
		{A015700A-4B23-40E0-9DE3-00ED5AA41C87}.Release|x86.Build.0 = Release|Any CPU
		{08B25796-F352-411F-9092-595425EBBE61}.Debug|Any CPU.ActiveCfg = Debug|Any CPU
		{08B25796-F352-411F-9092-595425EBBE61}.Debug|Any CPU.Build.0 = Debug|Any CPU
		{08B25796-F352-411F-9092-595425EBBE61}.Debug|x64.ActiveCfg = Debug|Any CPU
		{08B25796-F352-411F-9092-595425EBBE61}.Debug|x64.Build.0 = Debug|Any CPU
		{08B25796-F352-411F-9092-595425EBBE61}.Debug|x86.ActiveCfg = Debug|Any CPU
		{08B25796-F352-411F-9092-595425EBBE61}.Debug|x86.Build.0 = Debug|Any CPU
		{08B25796-F352-411F-9092-595425EBBE61}.Release|Any CPU.ActiveCfg = Release|Any CPU
		{08B25796-F352-411F-9092-595425EBBE61}.Release|Any CPU.Build.0 = Release|Any CPU
		{08B25796-F352-411F-9092-595425EBBE61}.Release|x64.ActiveCfg = Release|Any CPU
		{08B25796-F352-411F-9092-595425EBBE61}.Release|x64.Build.0 = Release|Any CPU
		{08B25796-F352-411F-9092-595425EBBE61}.Release|x86.ActiveCfg = Release|Any CPU
		{08B25796-F352-411F-9092-595425EBBE61}.Release|x86.Build.0 = Release|Any CPU
		{2EDFCB92-760F-4F6E-8485-5A4088E4FF65}.Debug|Any CPU.ActiveCfg = Debug|Any CPU
		{2EDFCB92-760F-4F6E-8485-5A4088E4FF65}.Debug|Any CPU.Build.0 = Debug|Any CPU
		{2EDFCB92-760F-4F6E-8485-5A4088E4FF65}.Debug|x64.ActiveCfg = Debug|Any CPU
		{2EDFCB92-760F-4F6E-8485-5A4088E4FF65}.Debug|x64.Build.0 = Debug|Any CPU
		{2EDFCB92-760F-4F6E-8485-5A4088E4FF65}.Debug|x86.ActiveCfg = Debug|Any CPU
		{2EDFCB92-760F-4F6E-8485-5A4088E4FF65}.Debug|x86.Build.0 = Debug|Any CPU
		{2EDFCB92-760F-4F6E-8485-5A4088E4FF65}.Release|Any CPU.ActiveCfg = Release|Any CPU
		{2EDFCB92-760F-4F6E-8485-5A4088E4FF65}.Release|Any CPU.Build.0 = Release|Any CPU
		{2EDFCB92-760F-4F6E-8485-5A4088E4FF65}.Release|x64.ActiveCfg = Release|Any CPU
		{2EDFCB92-760F-4F6E-8485-5A4088E4FF65}.Release|x64.Build.0 = Release|Any CPU
		{2EDFCB92-760F-4F6E-8485-5A4088E4FF65}.Release|x86.ActiveCfg = Release|Any CPU
		{2EDFCB92-760F-4F6E-8485-5A4088E4FF65}.Release|x86.Build.0 = Release|Any CPU
		{C702E96D-64E0-4C9C-8D96-9F2B9DDD3F64}.Debug|Any CPU.ActiveCfg = Debug|Any CPU
		{C702E96D-64E0-4C9C-8D96-9F2B9DDD3F64}.Debug|Any CPU.Build.0 = Debug|Any CPU
		{C702E96D-64E0-4C9C-8D96-9F2B9DDD3F64}.Debug|x64.ActiveCfg = Debug|Any CPU
		{C702E96D-64E0-4C9C-8D96-9F2B9DDD3F64}.Debug|x64.Build.0 = Debug|Any CPU
		{C702E96D-64E0-4C9C-8D96-9F2B9DDD3F64}.Debug|x86.ActiveCfg = Debug|Any CPU
		{C702E96D-64E0-4C9C-8D96-9F2B9DDD3F64}.Debug|x86.Build.0 = Debug|Any CPU
		{C702E96D-64E0-4C9C-8D96-9F2B9DDD3F64}.Release|Any CPU.ActiveCfg = Release|Any CPU
		{C702E96D-64E0-4C9C-8D96-9F2B9DDD3F64}.Release|Any CPU.Build.0 = Release|Any CPU
		{C702E96D-64E0-4C9C-8D96-9F2B9DDD3F64}.Release|x64.ActiveCfg = Release|Any CPU
		{C702E96D-64E0-4C9C-8D96-9F2B9DDD3F64}.Release|x64.Build.0 = Release|Any CPU
		{C702E96D-64E0-4C9C-8D96-9F2B9DDD3F64}.Release|x86.ActiveCfg = Release|Any CPU
		{C702E96D-64E0-4C9C-8D96-9F2B9DDD3F64}.Release|x86.Build.0 = Release|Any CPU
		{2260FB90-011B-4B75-8607-99E66A446F0D}.Debug|Any CPU.ActiveCfg = Debug|Any CPU
		{2260FB90-011B-4B75-8607-99E66A446F0D}.Debug|Any CPU.Build.0 = Debug|Any CPU
		{2260FB90-011B-4B75-8607-99E66A446F0D}.Debug|x64.ActiveCfg = Debug|Any CPU
		{2260FB90-011B-4B75-8607-99E66A446F0D}.Debug|x64.Build.0 = Debug|Any CPU
		{2260FB90-011B-4B75-8607-99E66A446F0D}.Debug|x86.ActiveCfg = Debug|Any CPU
		{2260FB90-011B-4B75-8607-99E66A446F0D}.Debug|x86.Build.0 = Debug|Any CPU
		{2260FB90-011B-4B75-8607-99E66A446F0D}.Release|Any CPU.ActiveCfg = Release|Any CPU
		{2260FB90-011B-4B75-8607-99E66A446F0D}.Release|Any CPU.Build.0 = Release|Any CPU
		{2260FB90-011B-4B75-8607-99E66A446F0D}.Release|x64.ActiveCfg = Release|Any CPU
		{2260FB90-011B-4B75-8607-99E66A446F0D}.Release|x64.Build.0 = Release|Any CPU
		{2260FB90-011B-4B75-8607-99E66A446F0D}.Release|x86.ActiveCfg = Release|Any CPU
		{2260FB90-011B-4B75-8607-99E66A446F0D}.Release|x86.Build.0 = Release|Any CPU
		{CA11534B-904F-4E38-A7F8-C806EE005976}.Debug|Any CPU.ActiveCfg = Debug|Any CPU
		{CA11534B-904F-4E38-A7F8-C806EE005976}.Debug|Any CPU.Build.0 = Debug|Any CPU
		{CA11534B-904F-4E38-A7F8-C806EE005976}.Debug|x64.ActiveCfg = Debug|Any CPU
		{CA11534B-904F-4E38-A7F8-C806EE005976}.Debug|x64.Build.0 = Debug|Any CPU
		{CA11534B-904F-4E38-A7F8-C806EE005976}.Debug|x86.ActiveCfg = Debug|Any CPU
		{CA11534B-904F-4E38-A7F8-C806EE005976}.Debug|x86.Build.0 = Debug|Any CPU
		{CA11534B-904F-4E38-A7F8-C806EE005976}.Release|Any CPU.ActiveCfg = Release|Any CPU
		{CA11534B-904F-4E38-A7F8-C806EE005976}.Release|Any CPU.Build.0 = Release|Any CPU
		{CA11534B-904F-4E38-A7F8-C806EE005976}.Release|x64.ActiveCfg = Release|Any CPU
		{CA11534B-904F-4E38-A7F8-C806EE005976}.Release|x64.Build.0 = Release|Any CPU
		{CA11534B-904F-4E38-A7F8-C806EE005976}.Release|x86.ActiveCfg = Release|Any CPU
		{CA11534B-904F-4E38-A7F8-C806EE005976}.Release|x86.Build.0 = Release|Any CPU
		{5D8DCCEF-E152-49C3-AD99-997437185C15}.Debug|Any CPU.ActiveCfg = Debug|Any CPU
		{5D8DCCEF-E152-49C3-AD99-997437185C15}.Debug|Any CPU.Build.0 = Debug|Any CPU
		{5D8DCCEF-E152-49C3-AD99-997437185C15}.Debug|x64.ActiveCfg = Debug|Any CPU
		{5D8DCCEF-E152-49C3-AD99-997437185C15}.Debug|x64.Build.0 = Debug|Any CPU
		{5D8DCCEF-E152-49C3-AD99-997437185C15}.Debug|x86.ActiveCfg = Debug|Any CPU
		{5D8DCCEF-E152-49C3-AD99-997437185C15}.Debug|x86.Build.0 = Debug|Any CPU
		{5D8DCCEF-E152-49C3-AD99-997437185C15}.Release|Any CPU.ActiveCfg = Release|Any CPU
		{5D8DCCEF-E152-49C3-AD99-997437185C15}.Release|Any CPU.Build.0 = Release|Any CPU
		{5D8DCCEF-E152-49C3-AD99-997437185C15}.Release|x64.ActiveCfg = Release|Any CPU
		{5D8DCCEF-E152-49C3-AD99-997437185C15}.Release|x64.Build.0 = Release|Any CPU
		{5D8DCCEF-E152-49C3-AD99-997437185C15}.Release|x86.ActiveCfg = Release|Any CPU
		{5D8DCCEF-E152-49C3-AD99-997437185C15}.Release|x86.Build.0 = Release|Any CPU
		{6A030893-A14F-46EE-AC94-BB8E80CFA95F}.Debug|Any CPU.ActiveCfg = Debug|Any CPU
		{6A030893-A14F-46EE-AC94-BB8E80CFA95F}.Debug|Any CPU.Build.0 = Debug|Any CPU
		{6A030893-A14F-46EE-AC94-BB8E80CFA95F}.Debug|x64.ActiveCfg = Debug|Any CPU
		{6A030893-A14F-46EE-AC94-BB8E80CFA95F}.Debug|x64.Build.0 = Debug|Any CPU
		{6A030893-A14F-46EE-AC94-BB8E80CFA95F}.Debug|x86.ActiveCfg = Debug|Any CPU
		{6A030893-A14F-46EE-AC94-BB8E80CFA95F}.Debug|x86.Build.0 = Debug|Any CPU
		{6A030893-A14F-46EE-AC94-BB8E80CFA95F}.Release|Any CPU.ActiveCfg = Release|Any CPU
		{6A030893-A14F-46EE-AC94-BB8E80CFA95F}.Release|Any CPU.Build.0 = Release|Any CPU
		{6A030893-A14F-46EE-AC94-BB8E80CFA95F}.Release|x64.ActiveCfg = Release|Any CPU
		{6A030893-A14F-46EE-AC94-BB8E80CFA95F}.Release|x64.Build.0 = Release|Any CPU
		{6A030893-A14F-46EE-AC94-BB8E80CFA95F}.Release|x86.ActiveCfg = Release|Any CPU
		{6A030893-A14F-46EE-AC94-BB8E80CFA95F}.Release|x86.Build.0 = Release|Any CPU
		{8206E88C-86AE-4CF0-AB0C-1F73E3ECDEFD}.Debug|Any CPU.ActiveCfg = Debug|Any CPU
		{8206E88C-86AE-4CF0-AB0C-1F73E3ECDEFD}.Debug|Any CPU.Build.0 = Debug|Any CPU
		{8206E88C-86AE-4CF0-AB0C-1F73E3ECDEFD}.Debug|x64.ActiveCfg = Debug|Any CPU
		{8206E88C-86AE-4CF0-AB0C-1F73E3ECDEFD}.Debug|x64.Build.0 = Debug|Any CPU
		{8206E88C-86AE-4CF0-AB0C-1F73E3ECDEFD}.Debug|x86.ActiveCfg = Debug|Any CPU
		{8206E88C-86AE-4CF0-AB0C-1F73E3ECDEFD}.Debug|x86.Build.0 = Debug|Any CPU
		{8206E88C-86AE-4CF0-AB0C-1F73E3ECDEFD}.Release|Any CPU.ActiveCfg = Release|Any CPU
		{8206E88C-86AE-4CF0-AB0C-1F73E3ECDEFD}.Release|Any CPU.Build.0 = Release|Any CPU
		{8206E88C-86AE-4CF0-AB0C-1F73E3ECDEFD}.Release|x64.ActiveCfg = Release|Any CPU
		{8206E88C-86AE-4CF0-AB0C-1F73E3ECDEFD}.Release|x64.Build.0 = Release|Any CPU
		{8206E88C-86AE-4CF0-AB0C-1F73E3ECDEFD}.Release|x86.ActiveCfg = Release|Any CPU
		{8206E88C-86AE-4CF0-AB0C-1F73E3ECDEFD}.Release|x86.Build.0 = Release|Any CPU
		{24F94C3E-733C-4A11-B19F-6E4A85499E97}.Debug|Any CPU.ActiveCfg = Debug|Any CPU
		{24F94C3E-733C-4A11-B19F-6E4A85499E97}.Debug|Any CPU.Build.0 = Debug|Any CPU
		{24F94C3E-733C-4A11-B19F-6E4A85499E97}.Debug|x64.ActiveCfg = Debug|Any CPU
		{24F94C3E-733C-4A11-B19F-6E4A85499E97}.Debug|x64.Build.0 = Debug|Any CPU
		{24F94C3E-733C-4A11-B19F-6E4A85499E97}.Debug|x86.ActiveCfg = Debug|Any CPU
		{24F94C3E-733C-4A11-B19F-6E4A85499E97}.Debug|x86.Build.0 = Debug|Any CPU
		{24F94C3E-733C-4A11-B19F-6E4A85499E97}.Release|Any CPU.ActiveCfg = Release|Any CPU
		{24F94C3E-733C-4A11-B19F-6E4A85499E97}.Release|Any CPU.Build.0 = Release|Any CPU
		{24F94C3E-733C-4A11-B19F-6E4A85499E97}.Release|x64.ActiveCfg = Release|Any CPU
		{24F94C3E-733C-4A11-B19F-6E4A85499E97}.Release|x64.Build.0 = Release|Any CPU
		{24F94C3E-733C-4A11-B19F-6E4A85499E97}.Release|x86.ActiveCfg = Release|Any CPU
		{24F94C3E-733C-4A11-B19F-6E4A85499E97}.Release|x86.Build.0 = Release|Any CPU
		{4CE248F4-B1E3-465E-B5C3-AF4FE4731319}.Debug|Any CPU.ActiveCfg = Debug|Any CPU
		{4CE248F4-B1E3-465E-B5C3-AF4FE4731319}.Debug|Any CPU.Build.0 = Debug|Any CPU
		{4CE248F4-B1E3-465E-B5C3-AF4FE4731319}.Debug|x64.ActiveCfg = Debug|Any CPU
		{4CE248F4-B1E3-465E-B5C3-AF4FE4731319}.Debug|x64.Build.0 = Debug|Any CPU
		{4CE248F4-B1E3-465E-B5C3-AF4FE4731319}.Debug|x86.ActiveCfg = Debug|Any CPU
		{4CE248F4-B1E3-465E-B5C3-AF4FE4731319}.Debug|x86.Build.0 = Debug|Any CPU
		{4CE248F4-B1E3-465E-B5C3-AF4FE4731319}.Release|Any CPU.ActiveCfg = Release|Any CPU
		{4CE248F4-B1E3-465E-B5C3-AF4FE4731319}.Release|Any CPU.Build.0 = Release|Any CPU
		{4CE248F4-B1E3-465E-B5C3-AF4FE4731319}.Release|x64.ActiveCfg = Release|Any CPU
		{4CE248F4-B1E3-465E-B5C3-AF4FE4731319}.Release|x64.Build.0 = Release|Any CPU
		{4CE248F4-B1E3-465E-B5C3-AF4FE4731319}.Release|x86.ActiveCfg = Release|Any CPU
		{4CE248F4-B1E3-465E-B5C3-AF4FE4731319}.Release|x86.Build.0 = Release|Any CPU
	EndGlobalSection
	GlobalSection(SolutionProperties) = preSolution
		HideSolutionNode = FALSE
	EndGlobalSection
EndGlobal
